PODS:
  - BSGridCollectionViewLayout (1.2.5)
  - BSImagePicker (2.10.3):
    - BSGridCollectionViewLayout (= 1.2.5)
    - BSImageView (= 1.0.3)
  - BSImageView (1.0.3)
  - DKImagePickerController/Core (4.3.2):
    - DKImagePickerController/ImageDataManager
    - DKImagePickerController/Resource
  - DKImagePickerController/ImageDataManager (4.3.2)
  - DKImagePickerController/PhotoGallery (4.3.2):
    - DKImagePickerController/Core
    - DKPhotoGallery
  - DKImagePickerController/Resource (4.3.2)
  - DKPhotoGallery (0.0.17):
    - DKPhotoGallery/Core (= 0.0.17)
    - DKPhotoGallery/Model (= 0.0.17)
    - DKPhotoGallery/Preview (= 0.0.17)
    - DKPhotoGallery/Resource (= 0.0.17)
    - SDWebImage
    - SwiftyGif
  - DKPhotoGallery/Core (0.0.17):
    - DKPhotoGallery/Model
    - DKPhotoGallery/Preview
    - SDWebImage
    - SwiftyGif
  - DKPhotoGallery/Model (0.0.17):
    - SDWebImage
    - SwiftyGif
  - DKPhotoGallery/Preview (0.0.17):
    - DKPhotoGallery/Model
    - DKPhotoGallery/Resource
    - SDWebImage
    - SwiftyGif
  - DKPhotoGallery/Resource (0.0.17):
    - SDWebImage
    - SwiftyGif
  - file_picker (0.0.1):
    - DKImagePickerController/PhotoGallery
    - Flutter
  - Flutter (1.0.0)
  - flutter_phone_state (0.0.1):
    - Flutter
  - flutter_share_me (0.0.1):
    - Flutter
  - flutter_statusbarcolor (0.0.1):
    - Flutter
  - geocoder (0.0.1):
    - Flutter
  - "geolocator (5.3.2+2)":
    - Flutter
  - location (0.0.1):
    - Flutter
  - "location_permissions (3.0.0+1)":
    - Flutter
  - multi_image_picker (4.7.12):
    - BSImagePicker (~> 2.10.3)
    - Flutter
  - path_provider (0.0.1):
    - Flutter
  - quick_actions (0.0.1):
    - Flutter
  - SDWebImage (5.9.1):
    - SDWebImage/Core (= 5.9.1)
  - SDWebImage/Core (5.9.1)
  - SwiftyGif (5.3.0)
  - url_launcher (0.0.1):
    - Flutter

DEPENDENCIES:
  - file_picker (from `.symlinks/plugins/file_picker/ios`)
  - Flutter (from `Flutter`)
  - flutter_phone_state (from `.symlinks/plugins/flutter_phone_state/ios`)
  - flutter_share_me (from `.symlinks/plugins/flutter_share_me/ios`)
  - flutter_statusbarcolor (from `.symlinks/plugins/flutter_statusbarcolor/ios`)
  - geocoder (from `.symlinks/plugins/geocoder/ios`)
  - geolocator (from `.symlinks/plugins/geolocator/ios`)
  - location (from `.symlinks/plugins/location/ios`)
  - location_permissions (from `.symlinks/plugins/location_permissions/ios`)
  - multi_image_picker (from `.symlinks/plugins/multi_image_picker/ios`)
  - path_provider (from `.symlinks/plugins/path_provider/ios`)
  - quick_actions (from `.symlinks/plugins/quick_actions/ios`)
  - url_launcher (from `.symlinks/plugins/url_launcher/ios`)

SPEC REPOS:
  trunk:
    - BSGridCollectionViewLayout
    - BSImagePicker
    - BSImageView
    - DKImagePickerController
    - DKPhotoGallery
    - SDWebImage
    - SwiftyGif

EXTERNAL SOURCES:
  file_picker:
    :path: ".symlinks/plugins/file_picker/ios"
  Flutter:
    :path: Flutter
  flutter_phone_state:
    :path: ".symlinks/plugins/flutter_phone_state/ios"
  flutter_share_me:
    :path: ".symlinks/plugins/flutter_share_me/ios"
  flutter_statusbarcolor:
    :path: ".symlinks/plugins/flutter_statusbarcolor/ios"
  geocoder:
    :path: ".symlinks/plugins/geocoder/ios"
  geolocator:
    :path: ".symlinks/plugins/geolocator/ios"
  location:
    :path: ".symlinks/plugins/location/ios"
  location_permissions:
    :path: ".symlinks/plugins/location_permissions/ios"
  multi_image_picker:
    :path: ".symlinks/plugins/multi_image_picker/ios"
  path_provider:
    :path: ".symlinks/plugins/path_provider/ios"
  quick_actions:
    :path: ".symlinks/plugins/quick_actions/ios"
  url_launcher:
    :path: ".symlinks/plugins/url_launcher/ios"

SPEC CHECKSUMS:
  BSGridCollectionViewLayout: 333dcb457a5a3bdd9212607ab5756553dcfe06cb
  BSImagePicker: 07404254f2fcdaf5a2eb403c0f8c337267ce8738
  BSImageView: a149459433a2687157d034c78e059d30ac7f2544
  DKImagePickerController: b5eb7f7a388e4643264105d648d01f727110fc3d
  DKPhotoGallery: fdfad5125a9fdda9cc57df834d49df790dbb4179
  file_picker: 3e6c3790de664ccf9b882732d9db5eaf6b8d4eb1
  Flutter: 0e3d915762c693b495b44d77113d4970485de6ec
  flutter_phone_state: ebb27962d725cbe0bdf498654c2a9083acf91b75
  flutter_share_me: dd04bcb65a595f76bd2fa0537df08fffc5a04903
  flutter_statusbarcolor: 8afb1071ed8c58be929f1e32b36c629771fd2259
  geocoder: 3cfab70531a0b367e917bafe82df4c30f6d4c45a
  geolocator: f7622e0e7e2a24718285b73916d60c4a54b9f5b6
  location: 3a2eed4dd2fab25e7b7baf2a9efefe82b512d740
  location_permissions: 7e0f9aa0f60deb8ff93ddf0e2a164c7e8197bc94
  multi_image_picker: b256ba9de62ac1ec6be67bb03328d682e8f35663
  path_provider: abfe2b5c733d04e238b0d8691db0cfd63a27a93c
  quick_actions: 5eaa421abc932a71d9804fb86186d173020da63d
  SDWebImage: a990c053fff71e388a10f3357edb0be17929c9c5
  SwiftyGif: e466e86c660d343357ab944a819a101c4127cb40
  url_launcher: 6fef411d543ceb26efce54b05a0a40bfd74cbbef

PODFILE CHECKSUM: a75497545d4391e2d394c3668e20cfb1c2bbd4aa

COCOAPODS: 1.10.0.beta.1
